# This file was autogenerated by Stack.
# You should not edit this file by hand.
# For more information, please see the documentation at:
#   https://docs.haskellstack.org/en/stable/lock_files

packages:
- completed:
    name: http-proxy
    version: 0.1.1.0
    git: git@github.com:restaumatic/http-proxy.git
    pantry-tree:
      size: 1498
      sha256: ae3728898bf4150f8feb2b8b6edf9fc16574fdd9f0646d18f0bd2238aa67140c
    commit: 0b8a2e08d4d0d61c948fc664237a3f643128b062
  original:
    git: git@github.com:restaumatic/http-proxy.git
    commit: 0b8a2e08d4d0d61c948fc664237a3f643128b062
snapshots:
- completed:
    size: 586041
    url: https://raw.githubusercontent.com/commercialhaskell/stackage-snapshots/master/lts/18/11.yaml
    sha256: ae30d25a4691c6bb32b5766c617dff24270b2b3576ebd6047d754418e9256389
  original: lts-18.11
