# This file was autogenerated by Stack.
# You should not edit this file by hand.
# For more information, please see the documentation at:
#   https://docs.haskellstack.org/en/stable/lock_files

packages:
- completed:
    name: http-proxy
    version: 0.1.2.0
    git: https://github.com/erikd/http-proxy.git
    pantry-tree:
      size: 1498
      sha256: 93869630e57ad90c1a2abbd27bf2990f48dca2dc6f26108cc96d2b1ec07f4aef
    commit: 188f73a8dd9c994878de4f1c6429f2a6aec9d1b1
  original:
    git: https://github.com/erikd/http-proxy.git
    commit: 188f73a8dd9c994878de4f1c6429f2a6aec9d1b1
snapshots:
- completed:
    size: 586041
    url: https://raw.githubusercontent.com/commercialhaskell/stackage-snapshots/master/lts/18/11.yaml
    sha256: ae30d25a4691c6bb32b5766c617dff24270b2b3576ebd6047d754418e9256389
  original: lts-18.11
