# This file was autogenerated by Stack.
# You should not edit this file by hand.
# For more information, please see the documentation at:
#   https://docs.haskellstack.org/en/stable/lock_files

packages:
- completed:
    commit: 3f711e0e3ab5826824804538712e17155a684172
    git: https://github.com/restaumatic/http-proxy.git
    name: http-proxy
    pantry-tree:
      sha256: de2e4ce96959ab3243132b25e5371d5592f0224df36cf24f157e727acd5dda1f
      size: 1498
    version: 0.1.2.0
  original:
    commit: 3f711e0e3ab5826824804538712e17155a684172
    git: https://github.com/restaumatic/http-proxy.git
snapshots:
- completed:
    sha256: 2fdd7d3e54540062ef75ca0a73ca3a804c527dbf8a4cadafabf340e66ac4af40
    size: 712469
    url: https://raw.githubusercontent.com/commercialhaskell/stackage-snapshots/master/lts/22/11.yaml
  original: lts-22.11
